
Microsoft Visual Studio Solution File, Format Version 12.00
# Visual Studio Version 17
VisualStudioVersion = 17.3.32819.101
MinimumVisualStudioVersion = 10.0.40219.1
Project("{9A19103F-16F7-4668-BE54-9A1E7A4F7556}") = "MVVM Exemple", "MVVM Exemple\MVVM Exemple.csproj", "{C0731D5D-00C5-4210-BA0C-96CD4A49E175}"
EndProject
Project("{FAE04EC0-301F-11D3-BF4B-00C04F79EFBC}") = "MVVMExemple2", "MVVMExemple2\MVVMExemple2.csproj", "{9356B326-06DE-40B6-8484-6AC5D20F53AE}"
EndProject
Global
	GlobalSection(SolutionConfigurationPlatforms) = preSolution
		Debug|Any CPU = Debug|Any CPU
		Release|Any CPU = Release|Any CPU
	EndGlobalSection
	GlobalSection(ProjectConfigurationPlatforms) = postSolution
		{C0731D5D-00C5-4210-BA0C-96CD4A49E175}.Debug|Any CPU.ActiveCfg = Debug|Any CPU
		{C0731D5D-00C5-4210-BA0C-96CD4A49E175}.Debug|Any CPU.Build.0 = Debug|Any CPU
		{C0731D5D-00C5-4210-BA0C-96CD4A49E175}.Release|Any CPU.ActiveCfg = Release|Any CPU
		{C0731D5D-00C5-4210-BA0C-96CD4A49E175}.Release|Any CPU.Build.0 = Release|Any CPU
		{9356B326-06DE-40B6-8484-6AC5D20F53AE}.Debug|Any CPU.ActiveCfg = Debug|Any CPU
		{9356B326-06DE-40B6-8484-6AC5D20F53AE}.Debug|Any CPU.Build.0 = Debug|Any CPU
		{9356B326-06DE-40B6-8484-6AC5D20F53AE}.Release|Any CPU.ActiveCfg = Release|Any CPU
		{9356B326-06DE-40B6-8484-6AC5D20F53AE}.Release|Any CPU.Build.0 = Release|Any CPU
	EndGlobalSection
	GlobalSection(SolutionProperties) = preSolution
		HideSolutionNode = FALSE
	EndGlobalSection
	GlobalSection(ExtensibilityGlobals) = postSolution
		SolutionGuid = {9801578E-334C-4DB4-9389-E26FFEF9B738}
	EndGlobalSection
EndGlobal
